
Microsoft Visual Studio Solution File, Format Version 12.00
# Visual Studio Version 17
VisualStudioVersion = 17.14.36221.1
MinimumVisualStudioVersion = 10.0.40219.1
Project("{FAE04EC0-301F-11D3-BF4B-00C04F79EFBC}") = "EClaim.BlazorApp", "EClaim.BlazorApp\EClaim.BlazorApp.csproj", "{9117BCAA-8908-4641-9E1B-4734464C5219}"
EndProject
Global
	GlobalSection(SolutionConfigurationPlatforms) = preSolution
		Debug|Any CPU = Debug|Any CPU
		Release|Any CPU = Release|Any CPU
	EndGlobalSection
	GlobalSection(ProjectConfigurationPlatforms) = postSolution
		{9117BCAA-8908-4641-9E1B-4734464C5219}.Debug|Any CPU.ActiveCfg = Debug|Any CPU
		{9117BCAA-8908-4641-9E1B-4734464C5219}.Debug|Any CPU.Build.0 = Debug|Any CPU
		{9117BCAA-8908-4641-9E1B-4734464C5219}.Release|Any CPU.ActiveCfg = Release|Any CPU
		{9117BCAA-8908-4641-9E1B-4734464C5219}.Release|Any CPU.Build.0 = Release|Any CPU
	EndGlobalSection
	GlobalSection(SolutionProperties) = preSolution
		HideSolutionNode = FALSE
	EndGlobalSection
	GlobalSection(ExtensibilityGlobals) = postSolution
		SolutionGuid = {7D22050A-8C82-4861-989A-EAE92B347131}
	EndGlobalSection
EndGlobal
